# This file is autogenerated, do not edit; changes may be undone by the next 'dep ensure'.


[[projects]]
  digest = "1:7b71f7ce9316708895b1afe2abc5f78a8d857a8c708a4ff56ceed6b5c1991182"
  name = "github.com/asaskevich/govalidator"
  packages = ["."]
  pruneopts = "UT"
  revision = "df4adffc9d8ccd584481b637c2a768565bf2c4f1"
  version = "v11"

[[projects]]
  digest = "1:5f7b0c5ddd7f129e3a95b534b624b96aefd0487305af5828620a63a9dc94286f"
  name = "github.com/go-ozzo/ozzo-validation"
  packages = [
    ".",
    "is",
  ]
  pruneopts = "UT"
  revision = "199b55b36bc1af151e6eea487cc92ffa5b460b81"
  version = "v3.6.0"

[[projects]]
  digest = "1:6078383dbb7405bfa3ce16957f37564e3b716afa29b6eb45ffdb6674624d1e0d"
  name = "github.com/gorilla/mux"
  packages = ["."]
  pruneopts = "UT"
  revision = "98cb6bf42e086f6af920b965c38cacc07402d51b"
  version = "v1.8.0"

[[projects]]
  digest = "1:d27eedd7296593e6ea74aed67aa0d04d97305c860209b0d4996a8aa2eac7fd0b"
  name = "github.com/lib/pq"
  packages = [
    ".",
    "oid",
    "scram",
  ]
  pruneopts = "UT"
  revision = "e7751f584844fbf92a5a18b13a0af1c855e34460"
  version = "v1.8.0"

[solve-meta]
  analyzer-name = "dep"
  analyzer-version = 1
  input-imports = [
    "github.com/go-ozzo/ozzo-validation",
    "github.com/go-ozzo/ozzo-validation/is",
    "github.com/gorilla/mux",
    "github.com/lib/pq",
  ]
  solver-name = "gps-cdcl"
  solver-version = 1
